
Microsoft Visual Studio Solution File, Format Version 12.00
# Visual Studio 15
Project("{FAE04EC0-301F-11D3-BF4B-00C04F79EFBC}") = "Assembly-CSharp", "Assembly-CSharp.csproj", "{E552A569-CF43-7445-10E5-17930E3DCDE9}"
EndProject
Project("{FAE04EC0-301F-11D3-BF4B-00C04F79EFBC}") = "SteamVR", "SteamVR.csproj", "{EBDD021E-60E7-28B1-D412-DFA0ED51ECE4}"
EndProject
Project("{FAE04EC0-301F-11D3-BF4B-00C04F79EFBC}") = "Oculus.VR", "Oculus.VR.csproj", "{4587C8F1-4A64-3FB0-A72D-1A4E06F9691F}"
EndProject
Project("{FAE04EC0-301F-11D3-BF4B-00C04F79EFBC}") = "SteamVR_Actions", "SteamVR_Actions.csproj", "{FF4A677C-BEE0-A97E-D231-481B796D8E31}"
EndProject
Project("{FAE04EC0-301F-11D3-BF4B-00C04F79EFBC}") = "SteamVR_Editor", "SteamVR_Editor.csproj", "{003930C9-7729-0571-6DDF-535E6E39B275}"
EndProject
Project("{FAE04EC0-301F-11D3-BF4B-00C04F79EFBC}") = "Assembly-CSharp-Editor", "Assembly-CSharp-Editor.csproj", "{71B44F24-A335-2344-A466-E460C418D231}"
EndProject
Project("{FAE04EC0-301F-11D3-BF4B-00C04F79EFBC}") = "Oculus.VR.Scripts.Editor", "Oculus.VR.Scripts.Editor.csproj", "{CF071337-B7D0-7307-4014-A64D86FAC7E6}"
EndProject
Project("{FAE04EC0-301F-11D3-BF4B-00C04F79EFBC}") = "Oculus.VR.Editor", "Oculus.VR.Editor.csproj", "{F46735F6-59C8-B545-831F-252507440EB5}"
EndProject
Project("{FAE04EC0-301F-11D3-BF4B-00C04F79EFBC}") = "SteamVR_Input_Editor", "SteamVR_Input_Editor.csproj", "{DEB88ABD-1052-E2EC-FF5D-F210F04FE1E5}"
EndProject
Project("{FAE04EC0-301F-11D3-BF4B-00C04F79EFBC}") = "SteamVR_Windows_EditorHelper", "SteamVR_Windows_EditorHelper.csproj", "{9BB461DF-55DE-4470-1586-C74425D1BE20}"
EndProject
Global
	GlobalSection(SolutionConfigurationPlatforms) = preSolution
		Debug|Any CPU = Debug|Any CPU
		Release|Any CPU = Release|Any CPU
	EndGlobalSection
	GlobalSection(ProjectConfigurationPlatforms) = postSolution
		{E552A569-CF43-7445-10E5-17930E3DCDE9}.Debug|Any CPU.ActiveCfg = Debug|Any CPU
		{E552A569-CF43-7445-10E5-17930E3DCDE9}.Debug|Any CPU.Build.0 = Debug|Any CPU
		{E552A569-CF43-7445-10E5-17930E3DCDE9}.Release|Any CPU.ActiveCfg = Release|Any CPU
		{E552A569-CF43-7445-10E5-17930E3DCDE9}.Release|Any CPU.Build.0 = Release|Any CPU
		{EBDD021E-60E7-28B1-D412-DFA0ED51ECE4}.Debug|Any CPU.ActiveCfg = Debug|Any CPU
		{EBDD021E-60E7-28B1-D412-DFA0ED51ECE4}.Debug|Any CPU.Build.0 = Debug|Any CPU
		{EBDD021E-60E7-28B1-D412-DFA0ED51ECE4}.Release|Any CPU.ActiveCfg = Release|Any CPU
		{EBDD021E-60E7-28B1-D412-DFA0ED51ECE4}.Release|Any CPU.Build.0 = Release|Any CPU
		{4587C8F1-4A64-3FB0-A72D-1A4E06F9691F}.Debug|Any CPU.ActiveCfg = Debug|Any CPU
		{4587C8F1-4A64-3FB0-A72D-1A4E06F9691F}.Debug|Any CPU.Build.0 = Debug|Any CPU
		{4587C8F1-4A64-3FB0-A72D-1A4E06F9691F}.Release|Any CPU.ActiveCfg = Release|Any CPU
		{4587C8F1-4A64-3FB0-A72D-1A4E06F9691F}.Release|Any CPU.Build.0 = Release|Any CPU
		{FF4A677C-BEE0-A97E-D231-481B796D8E31}.Debug|Any CPU.ActiveCfg = Debug|Any CPU
		{FF4A677C-BEE0-A97E-D231-481B796D8E31}.Debug|Any CPU.Build.0 = Debug|Any CPU
		{FF4A677C-BEE0-A97E-D231-481B796D8E31}.Release|Any CPU.ActiveCfg = Release|Any CPU
		{FF4A677C-BEE0-A97E-D231-481B796D8E31}.Release|Any CPU.Build.0 = Release|Any CPU
		{003930C9-7729-0571-6DDF-535E6E39B275}.Debug|Any CPU.ActiveCfg = Debug|Any CPU
		{003930C9-7729-0571-6DDF-535E6E39B275}.Debug|Any CPU.Build.0 = Debug|Any CPU
		{003930C9-7729-0571-6DDF-535E6E39B275}.Release|Any CPU.ActiveCfg = Release|Any CPU
		{003930C9-7729-0571-6DDF-535E6E39B275}.Release|Any CPU.Build.0 = Release|Any CPU
		{71B44F24-A335-2344-A466-E460C418D231}.Debug|Any CPU.ActiveCfg = Debug|Any CPU
		{71B44F24-A335-2344-A466-E460C418D231}.Debug|Any CPU.Build.0 = Debug|Any CPU
		{71B44F24-A335-2344-A466-E460C418D231}.Release|Any CPU.ActiveCfg = Release|Any CPU
		{71B44F24-A335-2344-A466-E460C418D231}.Release|Any CPU.Build.0 = Release|Any CPU
		{CF071337-B7D0-7307-4014-A64D86FAC7E6}.Debug|Any CPU.ActiveCfg = Debug|Any CPU
		{CF071337-B7D0-7307-4014-A64D86FAC7E6}.Debug|Any CPU.Build.0 = Debug|Any CPU
		{CF071337-B7D0-7307-4014-A64D86FAC7E6}.Release|Any CPU.ActiveCfg = Release|Any CPU
		{CF071337-B7D0-7307-4014-A64D86FAC7E6}.Release|Any CPU.Build.0 = Release|Any CPU
		{F46735F6-59C8-B545-831F-252507440EB5}.Debug|Any CPU.ActiveCfg = Debug|Any CPU
		{F46735F6-59C8-B545-831F-252507440EB5}.Debug|Any CPU.Build.0 = Debug|Any CPU
		{F46735F6-59C8-B545-831F-252507440EB5}.Release|Any CPU.ActiveCfg = Release|Any CPU
		{F46735F6-59C8-B545-831F-252507440EB5}.Release|Any CPU.Build.0 = Release|Any CPU
		{DEB88ABD-1052-E2EC-FF5D-F210F04FE1E5}.Debug|Any CPU.ActiveCfg = Debug|Any CPU
		{DEB88ABD-1052-E2EC-FF5D-F210F04FE1E5}.Debug|Any CPU.Build.0 = Debug|Any CPU
		{DEB88ABD-1052-E2EC-FF5D-F210F04FE1E5}.Release|Any CPU.ActiveCfg = Release|Any CPU
		{DEB88ABD-1052-E2EC-FF5D-F210F04FE1E5}.Release|Any CPU.Build.0 = Release|Any CPU
		{9BB461DF-55DE-4470-1586-C74425D1BE20}.Debug|Any CPU.ActiveCfg = Debug|Any CPU
		{9BB461DF-55DE-4470-1586-C74425D1BE20}.Debug|Any CPU.Build.0 = Debug|Any CPU
		{9BB461DF-55DE-4470-1586-C74425D1BE20}.Release|Any CPU.ActiveCfg = Release|Any CPU
		{9BB461DF-55DE-4470-1586-C74425D1BE20}.Release|Any CPU.Build.0 = Release|Any CPU
	EndGlobalSection
	GlobalSection(SolutionProperties) = preSolution
		HideSolutionNode = FALSE
	EndGlobalSection
EndGlobal
